// !$*UTF8*$!
{
	archiveVersion = 1;
	classes = {
	};
	objectVersion = 77;
	objects = {

/* Begin PBXContainerItemProxy section */
		34AAFB1F2FE6858E00125D6C /* PBXContainerItemProxy */ = {
			isa = PBXContainerItemProxy;
			containerPortal = 34AAFB092FE6858E00125D6C /* Project object */;
			proxyType = 1;
			remoteGlobalIDString = 34AAFB102FE6858E00125D6C;
			remoteInfo = ImageDragg;
		};
		34AAFB292FE6858F00125D6C /* PBXContainerItemProxy */ = {
			isa = PBXContainerItemProxy;
			containerPortal = 34AAFB092FE6858E00125D6C /* Project object */;
			proxyType = 1;
			remoteGlobalIDString = 34AAFB102FE6858E00125D6C;
			remoteInfo = ImageDragg;
		};
/* End PBXContainerItemProxy section */

/* Begin PBXFileReference section */
		34AAFB112FE6858E00125D6C /* ImageDragg.app */ = {isa = PBXFileReference; explicitFileType = wrapper.application; includeInIndex = 0; path = ImageDragg.app; sourceTree = BUILT_PRODUCTS_DIR; };
		34AAFB1E2FE6858E00125D6C /* ImageDraggTests.xctest */ = {isa = PBXFileReference; explicitFileType = wrapper.cfbundle; includeInIndex = 0; path = ImageDraggTests.xctest; sourceTree = BUILT_PRODUCTS_DIR; };
		34AAFB282FE6858F00125D6C /* ImageDraggUITests.xctest */ = {isa = PBXFileReference; explicitFileType = wrapper.cfbundle; includeInIndex = 0; path = ImageDraggUITests.xctest; sourceTree = BUILT_PRODUCTS_DIR; };
/* End PBXFileReference section */

/* Begin PBXFileSystemSynchronizedRootGroup section */
		34AAFB132FE6858E00125D6C /* ImageDragg */ = {
			isa = PBXFileSystemSynchronizedRootGroup;
			path = ImageDragg;
			sourceTree = "<group>";
		};
		34AAFB212FE6858E00125D6C /* ImageDraggTests */ = {
			isa = PBXFileSystemSynchronizedRootGroup;
			path = ImageDraggTests;
			sourceTree = "<group>";
		};
		34AAFB2B2FE6858F00125D6C /* ImageDraggUITests */ = {
			isa = PBXFileSystemSynchronizedRootGroup;
			path = ImageDraggUITests;
			sourceTree = "<group>";
		};
/* End PBXFileSystemSynchronizedRootGroup section */

/* Begin PBXFrameworksBuildPhase section */
		34AAFB0E2FE6858E00125D6C /* Frameworks */ = {
			isa = PBXFrameworksBuildPhase;
			buildActionMask = 2147483647;
			files = (
			);
			runOnlyForDeploymentPostprocessing = 0;
		};
		34AAFB1B2FE6858E00125D6C /* Frameworks */ = {
			isa = PBXFrameworksBuildPhase;
			buildActionMask = 2147483647;
			files = (
			);
			runOnlyForDeploymentPostprocessing = 0;
		};
		34AAFB252FE6858F00125D6C /* Frameworks */ = {
			isa = PBXFrameworksBuildPhase;
			buildActionMask = 2147483647;
			files = (
			);
			runOnlyForDeploymentPostprocessing = 0;
		};
/* End PBXFrameworksBuildPhase section */

/* Begin PBXGroup section */
		34AAFB082FE6858E00125D6C = {
			isa = PBXGroup;
			children = (
				34AAFB132FE6858E00125D6C /* ImageDragg */,
				34AAFB212FE6858E00125D6C /* ImageDraggTests */,
				34AAFB2B2FE6858F00125D6C /* ImageDraggUITests */,
				34AAFB122FE6858E00125D6C /* Products */,
			);
			sourceTree = "<group>";
		};
		34AAFB122FE6858E00125D6C /* Products */ = {
			isa = PBXGroup;
			children = (
				34AAFB112FE6858E00125D6C /* ImageDragg.app */,
				34AAFB1E2FE6858E00125D6C /* ImageDraggTests.xctest */,
				34AAFB282FE6858F00125D6C /* ImageDraggUITests.xctest */,
			);
			name = Products;
			sourceTree = "<group>";
		};
/* End PBXGroup section */

/* Begin PBXNativeTarget section */
		34AAFB102FE6858E00125D6C /* ImageDragg */ = {
			isa = PBXNativeTarget;
			buildConfigurationList = 34AAFB322FE6858F00125D6C /* Build configuration list for PBXNativeTarget "ImageDragg" */;
			buildPhases = (
				34AAFB0D2FE6858E00125D6C /* Sources */,
				34AAFB0E2FE6858E00125D6C /* Frameworks */,
				34AAFB0F2FE6858E00125D6C /* Resources */,
			);
			buildRules = (
			);
			dependencies = (
			);
			fileSystemSynchronizedGroups = (
				34AAFB132FE6858E00125D6C /* ImageDragg */,
			);
			name = ImageDragg;
			packageProductDependencies = (
			);
			productName = ImageDragg;
			productReference = 34AAFB112FE6858E00125D6C /* ImageDragg.app */;
			productType = "com.apple.product-type.application";
		};
		34AAFB1D2FE6858E00125D6C /* ImageDraggTests */ = {
			isa = PBXNativeTarget;
			buildConfigurationList = 34AAFB352FE6858F00125D6C /* Build configuration list for PBXNativeTarget "ImageDraggTests" */;
			buildPhases = (
				34AAFB1A2FE6858E00125D6C /* Sources */,
				34AAFB1B2FE6858E00125D6C /* Frameworks */,
				34AAFB1C2FE6858E00125D6C /* Resources */,
			);
			buildRules = (
			);
			dependencies = (
				34AAFB202FE6858E00125D6C /* PBXTargetDependency */,
			);
			fileSystemSynchronizedGroups = (
				34AAFB212FE6858E00125D6C /* ImageDraggTests */,
			);
			name = ImageDraggTests;
			packageProductDependencies = (
			);
			productName = ImageDraggTests;
			productReference = 34AAFB1E2FE6858E00125D6C /* ImageDraggTests.xctest */;
			productType = "com.apple.product-type.bundle.unit-test";
		};
		34AAFB272FE6858F00125D6C /* ImageDraggUITests */ = {
			isa = PBXNativeTarget;
			buildConfigurationList = 34AAFB382FE6858F00125D6C /* Build configuration list for PBXNativeTarget "ImageDraggUITests" */;
			buildPhases = (
				34AAFB242FE6858F00125D6C /* Sources */,
				34AAFB252FE6858F00125D6C /* Frameworks */,
				34AAFB262FE6858F00125D6C /* Resources */,
			);
			buildRules = (
			);
			dependencies = (
				34AAFB2A2FE6858F00125D6C /* PBXTargetDependency */,
			);
			fileSystemSynchronizedGroups = (
				34AAFB2B2FE6858F00125D6C /* ImageDraggUITests */,
			);
			name = ImageDraggUITests;
			packageProductDependencies = (
			);
			productName = ImageDraggUITests;
			productReference = 34AAFB282FE6858F00125D6C /* ImageDraggUITests.xctest */;
			productType = "com.apple.product-type.bundle.ui-testing";
		};
/* End PBXNativeTarget section */

/* Begin PBXProject section */
		34AAFB092FE6858E00125D6C /* Project object */ = {
			isa = PBXProject;
			attributes = {
				BuildIndependentTargetsInParallel = 1;
				LastSwiftUpdateCheck = 2650;
				LastUpgradeCheck = 2650;
				TargetAttributes = {
					34AAFB102FE6858E00125D6C = {
						CreatedOnToolsVersion = 26.5;
					};
					34AAFB1D2FE6858E00125D6C = {
						CreatedOnToolsVersion = 26.5;
						TestTargetID = 34AAFB102FE6858E00125D6C;
					};
					34AAFB272FE6858F00125D6C = {
						CreatedOnToolsVersion = 26.5;
						TestTargetID = 34AAFB102FE6858E00125D6C;
					};
				};
			};
			buildConfigurationList = 34AAFB0C2FE6858E00125D6C /* Build configuration list for PBXProject "ImageDragg" */;
			developmentRegion = en;
			hasScannedForEncodings = 0;
			knownRegions = (
				en,
				Base,
			);
			mainGroup = 34AAFB082FE6858E00125D6C;
			minimizedProjectReferenceProxies = 1;
			preferredProjectObjectVersion = 77;
			productRefGroup = 34AAFB122FE6858E00125D6C /* Products */;
			projectDirPath = "";
			projectRoot = "";
			targets = (
				34AAFB102FE6858E00125D6C /* ImageDragg */,
				34AAFB1D2FE6858E00125D6C /* ImageDraggTests */,
				34AAFB272FE6858F00125D6C /* ImageDraggUITests */,
			);
		};
/* End PBXProject section */

/* Begin PBXResourcesBuildPhase section */
		34AAFB0F2FE6858E00125D6C /* Resources */ = {
			isa = PBXResourcesBuildPhase;
			buildActionMask = 2147483647;
			files = (
			);
			runOnlyForDeploymentPostprocessing = 0;
		};
		34AAFB1C2FE6858E00125D6C /* Resources */ = {
			isa = PBXResourcesBuildPhase;
			buildActionMask = 2147483647;
			files = (
			);
			runOnlyForDeploymentPostprocessing = 0;
		};
		34AAFB262FE6858F00125D6C /* Resources */ = {
			isa = PBXResourcesBuildPhase;
			buildActionMask = 2147483647;
			files = (
			);
			runOnlyForDeploymentPostprocessing = 0;
		};
/* End PBXResourcesBuildPhase section */

/* Begin PBXSourcesBuildPhase section */
		34AAFB0D2FE6858E00125D6C /* Sources */ = {
			isa = PBXSourcesBuildPhase;
			buildActionMask = 2147483647;
			files = (
			);
			runOnlyForDeploymentPostprocessing = 0;
		};
		34AAFB1A2FE6858E00125D6C /* Sources */ = {
			isa = PBXSourcesBuildPhase;
			buildActionMask = 2147483647;
			files = (
			);
			runOnlyForDeploymentPostprocessing = 0;
		};
		34AAFB242FE6858F00125D6C /* Sources */ = {
			isa = PBXSourcesBuildPhase;
			buildActionMask = 2147483647;
			files = (
			);
			runOnlyForDeploymentPostprocessing = 0;
		};
/* End PBXSourcesBuildPhase section */

/* Begin PBXTargetDependency section */
		34AAFB202FE6858E00125D6C /* PBXTargetDependency */ = {
			isa = PBXTargetDependency;
			target = 34AAFB102FE6858E00125D6C /* ImageDragg */;
			targetProxy = 34AAFB1F2FE6858E00125D6C /* PBXContainerItemProxy */;
		};
		34AAFB2A2FE6858F00125D6C /* PBXTargetDependency */ = {
			isa = PBXTargetDependency;
			target = 34AAFB102FE6858E00125D6C /* ImageDragg */;
			targetProxy = 34AAFB292FE6858F00125D6C /* PBXContainerItemProxy */;
		};
/* End PBXTargetDependency section */

/* Begin XCBuildConfiguration section */
		34AAFB302FE6858F00125D6C /* Debug */ = {
			isa = XCBuildConfiguration;
			buildSettings = {
				ALWAYS_SEARCH_USER_PATHS = NO;
				ASSETCATALOG_COMPILER_GENERATE_SWIFT_ASSET_SYMBOL_EXTENSIONS = YES;
				CLANG_ANALYZER_NONNULL = YES;
				CLANG_ANALYZER_NUMBER_OBJECT_CONVERSION = YES_AGGRESSIVE;
				CLANG_CXX_LANGUAGE_STANDARD = "gnu++20";
				CLANG_ENABLE_MODULES = YES;
				CLANG_ENABLE_OBJC_ARC = YES;
				CLANG_ENABLE_OBJC_WEAK = YES;
				CLANG_WARN_BLOCK_CAPTURE_AUTORELEASING = YES;
				CLANG_WARN_BOOL_CONVERSION = YES;
				CLANG_WARN_COMMA = YES;
				CLANG_WARN_CONSTANT_CONVERSION = YES;
				CLANG_WARN_DEPRECATED_OBJC_IMPLEMENTATIONS = YES;
				CLANG_WARN_DIRECT_OBJC_ISA_USAGE = YES_ERROR;
				CLANG_WARN_DOCUMENTATION_COMMENTS = YES;
				CLANG_WARN_EMPTY_BODY = YES;
				CLANG_WARN_ENUM_CONVERSION = YES;
				CLANG_WARN_INFINITE_RECURSION = YES;
				CLANG_WARN_INT_CONVERSION = YES;
				CLANG_WARN_NON_LITERAL_NULL_CONVERSION = YES;
				CLANG_WARN_OBJC_IMPLICIT_RETAIN_SELF = YES;
				CLANG_WARN_OBJC_LITERAL_CONVERSION = YES;
				CLANG_WARN_OBJC_ROOT_CLASS = YES_ERROR;
				CLANG_WARN_QUOTED_INCLUDE_IN_FRAMEWORK_HEADER = YES;
				CLANG_WARN_RANGE_LOOP_ANALYSIS = YES;
				CLANG_WARN_STRICT_PROTOTYPES = YES;
				CLANG_WARN_SUSPICIOUS_MOVE = YES;
				CLANG_WARN_UNGUARDED_AVAILABILITY = YES_AGGRESSIVE;
				CLANG_WARN_UNREACHABLE_CODE = YES;
				CLANG_WARN__DUPLICATE_METHOD_MATCH = YES;
				COPY_PHASE_STRIP = NO;
				DEBUG_INFORMATION_FORMAT = dwarf;
				DEVELOPMENT_TEAM = KMSZ8KADD5;
				ENABLE_STRICT_OBJC_MSGSEND = YES;
				ENABLE_TESTABILITY = YES;
				ENABLE_USER_SCRIPT_SANDBOXING = YES;
				GCC_C_LANGUAGE_STANDARD = gnu17;
				GCC_DYNAMIC_NO_PIC = NO;
				GCC_NO_COMMON_BLOCKS = YES;
				GCC_OPTIMIZATION_LEVEL = 0;
				GCC_PREPROCESSOR_DEFINITIONS = (
					"DEBUG=1",
					"$(inherited)",
				);
				GCC_WARN_64_TO_32_BIT_CONVERSION = YES;
				GCC_WARN_ABOUT_RETURN_TYPE = YES_ERROR;
				GCC_WARN_UNDECLARED_SELECTOR = YES;
				GCC_WARN_UNINITIALIZED_AUTOS = YES_AGGRESSIVE;
				GCC_WARN_UNUSED_FUNCTION = YES;
				GCC_WARN_UNUSED_VARIABLE = YES;
				LOCALIZATION_PREFERS_STRING_CATALOGS = YES;
				MACOSX_DEPLOYMENT_TARGET = 26.5;
				MTL_ENABLE_DEBUG_INFO = INCLUDE_SOURCE;
				MTL_FAST_MATH = YES;
				ONLY_ACTIVE_ARCH = YES;
				SDKROOT = macosx;
				SWIFT_ACTIVE_COMPILATION_CONDITIONS = "DEBUG $(inherited)";
				SWIFT_OPTIMIZATION_LEVEL = "-Onone";
			};
			name = Debug;
		};
		34AAFB312FE6858F00125D6C /* Release */ = {
			isa = XCBuildConfiguration;
			buildSettings = {
				ALWAYS_SEARCH_USER_PATHS = NO;
				ASSETCATALOG_COMPILER_GENERATE_SWIFT_ASSET_SYMBOL_EXTENSIONS = YES;
				CLANG_ANALYZER_NONNULL = YES;
				CLANG_ANALYZER_NUMBER_OBJECT_CONVERSION = YES_AGGRESSIVE;
				CLANG_CXX_LANGUAGE_STANDARD = "gnu++20";
				CLANG_ENABLE_MODULES = YES;
				CLANG_ENABLE_OBJC_ARC = YES;
				CLANG_ENABLE_OBJC_WEAK = YES;
				CLANG_WARN_BLOCK_CAPTURE_AUTORELEASING = YES;
				CLANG_WARN_BOOL_CONVERSION = YES;
				CLANG_WARN_COMMA = YES;
				CLANG_WARN_CONSTANT_CONVERSION = YES;
				CLANG_WARN_DEPRECATED_OBJC_IMPLEMENTATIONS = YES;
				CLANG_WARN_DIRECT_OBJC_ISA_USAGE = YES_ERROR;
				CLANG_WARN_DOCUMENTATION_COMMENTS = YES;
				CLANG_WARN_EMPTY_BODY = YES;
				CLANG_WARN_ENUM_CONVERSION = YES;
				CLANG_WARN_INFINITE_RECURSION = YES;
				CLANG_WARN_INT_CONVERSION = YES;
				CLANG_WARN_NON_LITERAL_NULL_CONVERSION = YES;
				CLANG_WARN_OBJC_IMPLICIT_RETAIN_SELF = YES;
				CLANG_WARN_OBJC_LITERAL_CONVERSION = YES;
				CLANG_WARN_OBJC_ROOT_CLASS = YES_ERROR;
				CLANG_WARN_QUOTED_INCLUDE_IN_FRAMEWORK_HEADER = YES;
				CLANG_WARN_RANGE_LOOP_ANALYSIS = YES;
				CLANG_WARN_STRICT_PROTOTYPES = YES;
				CLANG_WARN_SUSPICIOUS_MOVE = YES;
				CLANG_WARN_UNGUARDED_AVAILABILITY = YES_AGGRESSIVE;
				CLANG_WARN_UNREACHABLE_CODE = YES;
				CLANG_WARN__DUPLICATE_METHOD_MATCH = YES;
				COPY_PHASE_STRIP = NO;
				DEBUG_INFORMATION_FORMAT = "dwarf-with-dsym";
				DEVELOPMENT_TEAM = KMSZ8KADD5;
				ENABLE_NS_ASSERTIONS = NO;
				ENABLE_STRICT_OBJC_MSGSEND = YES;
				ENABLE_USER_SCRIPT_SANDBOXING = YES;
				GCC_C_LANGUAGE_STANDARD = gnu17;
				GCC_NO_COMMON_BLOCKS = YES;
				GCC_WARN_64_TO_32_BIT_CONVERSION = YES;
				GCC_WARN_ABOUT_RETURN_TYPE = YES_ERROR;
				GCC_WARN_UNDECLARED_SELECTOR = YES;
				GCC_WARN_UNINITIALIZED_AUTOS = YES_AGGRESSIVE;
				GCC_WARN_UNUSED_FUNCTION = YES;
				GCC_WARN_UNUSED_VARIABLE = YES;
				LOCALIZATION_PREFERS_STRING_CATALOGS = YES;
				MACOSX_DEPLOYMENT_TARGET = 26.5;
				MTL_ENABLE_DEBUG_INFO = NO;
				MTL_FAST_MATH = YES;
				SDKROOT = macosx;
				SWIFT_COMPILATION_MODE = wholemodule;
			};
			name = Release;
		};
		34AAFB332FE6858F00125D6C /* Debug */ = {
			isa = XCBuildConfiguration;
			buildSettings = {
				ASSETCATALOG_COMPILER_APPICON_NAME = AppIcon;
				ASSETCATALOG_COMPILER_GLOBAL_ACCENT_COLOR_NAME = AccentColor;
				CODE_SIGN_STYLE = Automatic;
				COMBINE_HIDPI_IMAGES = YES;
				CURRENT_PROJECT_VERSION = 1;
				DEVELOPMENT_TEAM = KMSZ8KADD5;
				ENABLE_APP_SANDBOX = NO;
				ENABLE_HARDENED_RUNTIME = NO;
				ENABLE_PREVIEWS = YES;
				GENERATE_INFOPLIST_FILE = YES;
				INFOPLIST_KEY_NSHumanReadableCopyright = "";
				LD_RUNPATH_SEARCH_PATHS = (
					"$(inherited)",
					"@executable_path/../Frameworks",
				);
				MARKETING_VERSION = 1.0;
				PRODUCT_BUNDLE_IDENTIFIER = Sarvpriya.ImageDragg;
				PRODUCT_NAME = "$(TARGET_NAME)";
				REGISTER_APP_GROUPS = YES;
				STRING_CATALOG_GENERATE_SYMBOLS = YES;
				SWIFT_APPROACHABLE_CONCURRENCY = YES;
				SWIFT_DEFAULT_ACTOR_ISOLATION = MainActor;
				SWIFT_EMIT_LOC_STRINGS = YES;
				SWIFT_UPCOMING_FEATURE_MEMBER_IMPORT_VISIBILITY = YES;
				SWIFT_VERSION = 5.0;
			};
			name = Debug;
		};
		34AAFB342FE6858F00125D6C /* Release */ = {
			isa = XCBuildConfiguration;
			buildSettings = {
				ASSETCATALOG_COMPILER_APPICON_NAME = AppIcon;
				ASSETCATALOG_COMPILER_GLOBAL_ACCENT_COLOR_NAME = AccentColor;
				CODE_SIGN_STYLE = Automatic;
				COMBINE_HIDPI_IMAGES = YES;
				CURRENT_PROJECT_VERSION = 1;
				DEVELOPMENT_TEAM = KMSZ8KADD5;
				ENABLE_APP_SANDBOX = NO;
				ENABLE_HARDENED_RUNTIME = NO;
				ENABLE_PREVIEWS = YES;
				GENERATE_INFOPLIST_FILE = YES;
				INFOPLIST_KEY_NSHumanReadableCopyright = "";
				LD_RUNPATH_SEARCH_PATHS = (
					"$(inherited)",
					"@executable_path/../Frameworks",
				);
				MARKETING_VERSION = 1.0;
				PRODUCT_BUNDLE_IDENTIFIER = Sarvpriya.ImageDragg;
				PRODUCT_NAME = "$(TARGET_NAME)";
				REGISTER_APP_GROUPS = YES;
				STRING_CATALOG_GENERATE_SYMBOLS = YES;
				SWIFT_APPROACHABLE_CONCURRENCY = YES;
				SWIFT_DEFAULT_ACTOR_ISOLATION = MainActor;
				SWIFT_EMIT_LOC_STRINGS = YES;
				SWIFT_UPCOMING_FEATURE_MEMBER_IMPORT_VISIBILITY = YES;
				SWIFT_VERSION = 5.0;
			};
			name = Release;
		};
		34AAFB362FE6858F00125D6C /* Debug */ = {
			isa = XCBuildConfiguration;
			buildSettings = {
				BUNDLE_LOADER = "$(TEST_HOST)";
				CODE_SIGN_STYLE = Automatic;
				CURRENT_PROJECT_VERSION = 1;
				DEVELOPMENT_TEAM = KMSZ8KADD5;
				GENERATE_INFOPLIST_FILE = YES;
				MACOSX_DEPLOYMENT_TARGET = 26.5;
				MARKETING_VERSION = 1.0;
				PRODUCT_BUNDLE_IDENTIFIER = Sarvpriya.ImageDraggTests;
				PRODUCT_NAME = "$(TARGET_NAME)";
				STRING_CATALOG_GENERATE_SYMBOLS = NO;
				SWIFT_APPROACHABLE_CONCURRENCY = YES;
				SWIFT_EMIT_LOC_STRINGS = NO;
				SWIFT_UPCOMING_FEATURE_MEMBER_IMPORT_VISIBILITY = YES;
				SWIFT_VERSION = 5.0;
				TEST_HOST = "$(BUILT_PRODUCTS_DIR)/ImageDragg.app/$(BUNDLE_EXECUTABLE_FOLDER_PATH)/ImageDragg";
			};
			name = Debug;
		};
		34AAFB372FE6858F00125D6C /* Release */ = {
			isa = XCBuildConfiguration;
			buildSettings = {
				BUNDLE_LOADER = "$(TEST_HOST)";
				CODE_SIGN_STYLE = Automatic;
				CURRENT_PROJECT_VERSION = 1;
				DEVELOPMENT_TEAM = KMSZ8KADD5;
				GENERATE_INFOPLIST_FILE = YES;
				MACOSX_DEPLOYMENT_TARGET = 26.5;
				MARKETING_VERSION = 1.0;
				PRODUCT_BUNDLE_IDENTIFIER = Sarvpriya.ImageDraggTests;
				PRODUCT_NAME = "$(TARGET_NAME)";
				STRING_CATALOG_GENERATE_SYMBOLS = NO;
				SWIFT_APPROACHABLE_CONCURRENCY = YES;
				SWIFT_EMIT_LOC_STRINGS = NO;
				SWIFT_UPCOMING_FEATURE_MEMBER_IMPORT_VISIBILITY = YES;
				SWIFT_VERSION = 5.0;
				TEST_HOST = "$(BUILT_PRODUCTS_DIR)/ImageDragg.app/$(BUNDLE_EXECUTABLE_FOLDER_PATH)/ImageDragg";
			};
			name = Release;
		};
		34AAFB392FE6858F00125D6C /* Debug */ = {
			isa = XCBuildConfiguration;
			buildSettings = {
				CODE_SIGN_STYLE = Automatic;
				CURRENT_PROJECT_VERSION = 1;
				DEVELOPMENT_TEAM = KMSZ8KADD5;
				GENERATE_INFOPLIST_FILE = YES;
				MARKETING_VERSION = 1.0;
				PRODUCT_BUNDLE_IDENTIFIER = Sarvpriya.ImageDraggUITests;
				PRODUCT_NAME = "$(TARGET_NAME)";
				STRING_CATALOG_GENERATE_SYMBOLS = NO;
				SWIFT_APPROACHABLE_CONCURRENCY = YES;
				SWIFT_EMIT_LOC_STRINGS = NO;
				SWIFT_UPCOMING_FEATURE_MEMBER_IMPORT_VISIBILITY = YES;
				SWIFT_VERSION = 5.0;
				TEST_TARGET_NAME = ImageDragg;
			};
			name = Debug;
		};
		34AAFB3A2FE6858F00125D6C /* Release */ = {
			isa = XCBuildConfiguration;
			buildSettings = {
				CODE_SIGN_STYLE = Automatic;
				CURRENT_PROJECT_VERSION = 1;
				DEVELOPMENT_TEAM = KMSZ8KADD5;
				GENERATE_INFOPLIST_FILE = YES;
				MARKETING_VERSION = 1.0;
				PRODUCT_BUNDLE_IDENTIFIER = Sarvpriya.ImageDraggUITests;
				PRODUCT_NAME = "$(TARGET_NAME)";
				STRING_CATALOG_GENERATE_SYMBOLS = NO;
				SWIFT_APPROACHABLE_CONCURRENCY = YES;
				SWIFT_EMIT_LOC_STRINGS = NO;
				SWIFT_UPCOMING_FEATURE_MEMBER_IMPORT_VISIBILITY = YES;
				SWIFT_VERSION = 5.0;
				TEST_TARGET_NAME = ImageDragg;
			};
			name = Release;
		};
/* End XCBuildConfiguration section */

/* Begin XCConfigurationList section */
		34AAFB0C2FE6858E00125D6C /* Build configuration list for PBXProject "ImageDragg" */ = {
			isa = XCConfigurationList;
			buildConfigurations = (
				34AAFB302FE6858F00125D6C /* Debug */,
				34AAFB312FE6858F00125D6C /* Release */,
			);
			defaultConfigurationIsVisible = 0;
			defaultConfigurationName = Release;
		};
		34AAFB322FE6858F00125D6C /* Build configuration list for PBXNativeTarget "ImageDragg" */ = {
			isa = XCConfigurationList;
			buildConfigurations = (
				34AAFB332FE6858F00125D6C /* Debug */,
				34AAFB342FE6858F00125D6C /* Release */,
			);
			defaultConfigurationIsVisible = 0;
			defaultConfigurationName = Release;
		};
		34AAFB352FE6858F00125D6C /* Build configuration list for PBXNativeTarget "ImageDraggTests" */ = {
			isa = XCConfigurationList;
			buildConfigurations = (
				34AAFB362FE6858F00125D6C /* Debug */,
				34AAFB372FE6858F00125D6C /* Release */,
			);
			defaultConfigurationIsVisible = 0;
			defaultConfigurationName = Release;
		};
		34AAFB382FE6858F00125D6C /* Build configuration list for PBXNativeTarget "ImageDraggUITests" */ = {
			isa = XCConfigurationList;
			buildConfigurations = (
				34AAFB392FE6858F00125D6C /* Debug */,
				34AAFB3A2FE6858F00125D6C /* Release */,
			);
			defaultConfigurationIsVisible = 0;
			defaultConfigurationName = Release;
		};
/* End XCConfigurationList section */
	};
	rootObject = 34AAFB092FE6858E00125D6C /* Project object */;
}
